
Microsoft Visual Studio Solution File, Format Version 12.00
# Visual Studio Version 17
VisualStudioVersion = 17.5.33424.131
MinimumVisualStudioVersion = 10.0.40219.1
Project("{FAE04EC0-301F-11D3-BF4B-00C04F79EFBC}") = "Cinema.Filmes.Domain", "src\services\Cinema.Filmes\Cinema.Filmes.Domain\Cinema.Filmes.Domain.csproj", "{40A4EDE1-8B8A-46F9-8935-FAD48E9631B7}"
EndProject
Project("{FAE04EC0-301F-11D3-BF4B-00C04F79EFBC}") = "Cinema.Filmes.TMDBAdapter", "src\services\Cinema.Filmes\Cinema.Filmes.TMDBAdapter\Cinema.Filmes.TMDBAdapter.csproj", "{B3AE1D3E-CC0A-449E-8ED6-C0EEB2DC528B}"
EndProject
Project("{FAE04EC0-301F-11D3-BF4B-00C04F79EFBC}") = "Cinema.Filmes.Application", "src\services\Cinema.Filmes\Cinema.Filmes.Application\Cinema.Filmes.Application.csproj", "{93002C2F-1318-45B8-8036-FD21253F3AFA}"
EndProject
Project("{FAE04EC0-301F-11D3-BF4B-00C04F79EFBC}") = "Cinema.Filmes.Api", "src\services\Cinema.Filmes\Cinema.Filmes.Api\Cinema.Filmes.Api.csproj", "{7B6A22A7-8160-48F1-96FC-A5558E6B4EF0}"
EndProject
Project("{FAE04EC0-301F-11D3-BF4B-00C04F79EFBC}") = "Cinema.Filmes.Application.Tests", "src\services\Cinema.Filmes\Cinema.Filmes.Application.Tests\Cinema.Filmes.Application.Tests.csproj", "{5B5D6E4B-E0FC-4CDC-9A06-CBB6B5ED012D}"
EndProject
Project("{FAE04EC0-301F-11D3-BF4B-00C04F79EFBC}") = "Cinema.Bilhetes.Domain", "src\services\Cinema.Bilhetes\Cinema.Bilhetes.Domain\Cinema.Bilhetes.Domain.csproj", "{9CD99D16-277E-4228-A275-6C9B7DADE970}"
EndProject
Project("{FAE04EC0-301F-11D3-BF4B-00C04F79EFBC}") = "Cinema.Bilhetes.Infra", "src\services\Cinema.Bilhetes\Cinema.Bilhetes.Infra\Cinema.Bilhetes.Infra.csproj", "{347C6826-CCA3-4D3D-9384-C01726159BDE}"
EndProject
Project("{FAE04EC0-301F-11D3-BF4B-00C04F79EFBC}") = "Cinema.Bilhetes.Api", "src\services\Cinema.Bilhetes\Cinema.Bilhetes.Api\Cinema.Bilhetes.Api.csproj", "{172B6064-6737-41EB-9F19-8F4E24D44416}"
EndProject
Project("{FAE04EC0-301F-11D3-BF4B-00C04F79EFBC}") = "Cinema.Usuario.Api", "src\services\Cinema.Usuarios\Cinema.Usuario.Api\Cinema.Usuario.Api.csproj", "{4D7A0A37-91CF-48DA-86C3-A5D7867BBFA1}"
EndProject
Global
	GlobalSection(SolutionConfigurationPlatforms) = preSolution
		Debug|Any CPU = Debug|Any CPU
		Release|Any CPU = Release|Any CPU
	EndGlobalSection
	GlobalSection(ProjectConfigurationPlatforms) = postSolution
		{40A4EDE1-8B8A-46F9-8935-FAD48E9631B7}.Debug|Any CPU.ActiveCfg = Debug|Any CPU
		{40A4EDE1-8B8A-46F9-8935-FAD48E9631B7}.Debug|Any CPU.Build.0 = Debug|Any CPU
		{40A4EDE1-8B8A-46F9-8935-FAD48E9631B7}.Release|Any CPU.ActiveCfg = Release|Any CPU
		{40A4EDE1-8B8A-46F9-8935-FAD48E9631B7}.Release|Any CPU.Build.0 = Release|Any CPU
		{B3AE1D3E-CC0A-449E-8ED6-C0EEB2DC528B}.Debug|Any CPU.ActiveCfg = Debug|Any CPU
		{B3AE1D3E-CC0A-449E-8ED6-C0EEB2DC528B}.Debug|Any CPU.Build.0 = Debug|Any CPU
		{B3AE1D3E-CC0A-449E-8ED6-C0EEB2DC528B}.Release|Any CPU.ActiveCfg = Release|Any CPU
		{B3AE1D3E-CC0A-449E-8ED6-C0EEB2DC528B}.Release|Any CPU.Build.0 = Release|Any CPU
		{93002C2F-1318-45B8-8036-FD21253F3AFA}.Debug|Any CPU.ActiveCfg = Debug|Any CPU
		{93002C2F-1318-45B8-8036-FD21253F3AFA}.Debug|Any CPU.Build.0 = Debug|Any CPU
		{93002C2F-1318-45B8-8036-FD21253F3AFA}.Release|Any CPU.ActiveCfg = Release|Any CPU
		{93002C2F-1318-45B8-8036-FD21253F3AFA}.Release|Any CPU.Build.0 = Release|Any CPU
		{7B6A22A7-8160-48F1-96FC-A5558E6B4EF0}.Debug|Any CPU.ActiveCfg = Debug|Any CPU
		{7B6A22A7-8160-48F1-96FC-A5558E6B4EF0}.Debug|Any CPU.Build.0 = Debug|Any CPU
		{7B6A22A7-8160-48F1-96FC-A5558E6B4EF0}.Release|Any CPU.ActiveCfg = Release|Any CPU
		{7B6A22A7-8160-48F1-96FC-A5558E6B4EF0}.Release|Any CPU.Build.0 = Release|Any CPU
		{5B5D6E4B-E0FC-4CDC-9A06-CBB6B5ED012D}.Debug|Any CPU.ActiveCfg = Debug|Any CPU
		{5B5D6E4B-E0FC-4CDC-9A06-CBB6B5ED012D}.Debug|Any CPU.Build.0 = Debug|Any CPU
		{5B5D6E4B-E0FC-4CDC-9A06-CBB6B5ED012D}.Release|Any CPU.ActiveCfg = Release|Any CPU
		{5B5D6E4B-E0FC-4CDC-9A06-CBB6B5ED012D}.Release|Any CPU.Build.0 = Release|Any CPU
		{9CD99D16-277E-4228-A275-6C9B7DADE970}.Debug|Any CPU.ActiveCfg = Debug|Any CPU
		{9CD99D16-277E-4228-A275-6C9B7DADE970}.Debug|Any CPU.Build.0 = Debug|Any CPU
		{9CD99D16-277E-4228-A275-6C9B7DADE970}.Release|Any CPU.ActiveCfg = Release|Any CPU
		{9CD99D16-277E-4228-A275-6C9B7DADE970}.Release|Any CPU.Build.0 = Release|Any CPU
		{347C6826-CCA3-4D3D-9384-C01726159BDE}.Debug|Any CPU.ActiveCfg = Debug|Any CPU
		{347C6826-CCA3-4D3D-9384-C01726159BDE}.Debug|Any CPU.Build.0 = Debug|Any CPU
		{347C6826-CCA3-4D3D-9384-C01726159BDE}.Release|Any CPU.ActiveCfg = Release|Any CPU
		{347C6826-CCA3-4D3D-9384-C01726159BDE}.Release|Any CPU.Build.0 = Release|Any CPU
		{172B6064-6737-41EB-9F19-8F4E24D44416}.Debug|Any CPU.ActiveCfg = Debug|Any CPU
		{172B6064-6737-41EB-9F19-8F4E24D44416}.Debug|Any CPU.Build.0 = Debug|Any CPU
		{172B6064-6737-41EB-9F19-8F4E24D44416}.Release|Any CPU.ActiveCfg = Release|Any CPU
		{172B6064-6737-41EB-9F19-8F4E24D44416}.Release|Any CPU.Build.0 = Release|Any CPU
		{4D7A0A37-91CF-48DA-86C3-A5D7867BBFA1}.Debug|Any CPU.ActiveCfg = Debug|Any CPU
		{4D7A0A37-91CF-48DA-86C3-A5D7867BBFA1}.Debug|Any CPU.Build.0 = Debug|Any CPU
		{4D7A0A37-91CF-48DA-86C3-A5D7867BBFA1}.Release|Any CPU.ActiveCfg = Release|Any CPU
		{4D7A0A37-91CF-48DA-86C3-A5D7867BBFA1}.Release|Any CPU.Build.0 = Release|Any CPU
	EndGlobalSection
	GlobalSection(SolutionProperties) = preSolution
		HideSolutionNode = FALSE
	EndGlobalSection
	GlobalSection(ExtensibilityGlobals) = postSolution
		SolutionGuid = {CF9796DD-3657-4D58-9C3F-3BEB25AF27DF}
	EndGlobalSection
EndGlobal
